
Microsoft Visual Studio Solution File, Format Version 12.00
# Visual Studio Version 16
VisualStudioVersion = 16.0.30711.63
MinimumVisualStudioVersion = 10.0.40219.1
Project("{2150E333-8FDC-42A3-9474-1A3956D46DE8}") = "01 - Stock", "01 - Stock", "{94F69D0B-6314-4790-A3D8-0B3C0FF0DE5A}"
EndProject
Project("{2150E333-8FDC-42A3-9474-1A3956D46DE8}") = "src", "src", "{6B94957C-F7E6-4A92-BDDC-3BA998964226}"
EndProject
Project("{2150E333-8FDC-42A3-9474-1A3956D46DE8}") = "test", "test", "{048363C2-9735-4D89-BA86-8D3955D3D4FA}"
EndProject
Project("{2150E333-8FDC-42A3-9474-1A3956D46DE8}") = "00 - Apps", "00 - Apps", "{4A5F7977-5F6C-4B5D-8EA8-BAEBF2EE40A3}"
EndProject
Project("{2150E333-8FDC-42A3-9474-1A3956D46DE8}") = "src", "src", "{E98151C0-606B-4FE5-BDF1-32373EC38995}"
EndProject
Project("{2150E333-8FDC-42A3-9474-1A3956D46DE8}") = "test", "test", "{5B57163C-31B4-4774-83D8-5737B6783947}"
EndProject
Project("{2150E333-8FDC-42A3-9474-1A3956D46DE8}") = "02 - Authentication", "02 - Authentication", "{4E56FEF5-6A9F-4745-99FD-5295AEAE86F8}"
EndProject
Project("{2150E333-8FDC-42A3-9474-1A3956D46DE8}") = "src", "src", "{B7F81964-8890-4A04-894A-A8A12BA0E3C3}"
EndProject
Project("{2150E333-8FDC-42A3-9474-1A3956D46DE8}") = "test", "test", "{4D7F0AAC-4630-409C-B74A-258D1D793B9B}"
EndProject
Project("{9A19103F-16F7-4668-BE54-9A1E7A4F7556}") = "Stock.Application", "Stock\src\Stock.Application\Stock.Application.csproj", "{AA01305D-27B9-477F-ADB8-16430E2F6CDE}"
EndProject
Project("{9A19103F-16F7-4668-BE54-9A1E7A4F7556}") = "Stock.Domain", "Stock\src\Stock.Domain\Stock.Domain.csproj", "{849818E3-D119-4349-AB53-490B62A97F62}"
EndProject
Project("{9A19103F-16F7-4668-BE54-9A1E7A4F7556}") = "Stock.Infrastructure", "Stock\src\Stock.Infraestructure\Stock.Infrastructure.csproj", "{208F5A68-5056-40D2-A7E3-3C66DE1BDFB1}"
EndProject
Project("{2150E333-8FDC-42A3-9474-1A3956D46DE8}") = "04 - Payment", "04 - Payment", "{BFD58BC8-6BCA-4151-9629-6B32F8CB92AF}"
EndProject
Project("{2150E333-8FDC-42A3-9474-1A3956D46DE8}") = "src", "src", "{800027B4-AE11-400D-96E0-DAA0DED49479}"
EndProject
Project("{2150E333-8FDC-42A3-9474-1A3956D46DE8}") = "test", "test", "{4F7562BF-BA5D-4763-86B5-DC18E1A32B20}"
EndProject
Project("{2150E333-8FDC-42A3-9474-1A3956D46DE8}") = "XX - SharedKernel", "XX - SharedKernel", "{663CACE0-9144-4996-8AC0-B5C6E438A17C}"
EndProject
Project("{2150E333-8FDC-42A3-9474-1A3956D46DE8}") = "03 - Purchasing", "03 - Purchasing", "{C12F76DB-E2FF-48B7-9E6B-3C84BEBC22D2}"
EndProject
Project("{2150E333-8FDC-42A3-9474-1A3956D46DE8}") = "src", "src", "{CFE09852-1FF8-449D-814C-8C0E13F43267}"
EndProject
Project("{2150E333-8FDC-42A3-9474-1A3956D46DE8}") = "test", "test", "{CD8A8AEC-3946-48CD-B434-FB770A70EAD8}"
EndProject
Project("{9A19103F-16F7-4668-BE54-9A1E7A4F7556}") = "Stock.Api", "Apps\src\Stock.Api\Stock.Api.csproj", "{2398BAB4-FD94-4B0D-B882-06C63C13E631}"
EndProject
Project("{2150E333-8FDC-42A3-9474-1A3956D46DE8}") = "src", "src", "{3BCD4207-D0A5-4EEA-BD7A-B028E93EF599}"
EndProject
Project("{2150E333-8FDC-42A3-9474-1A3956D46DE8}") = "test", "test", "{82ECBF31-A356-465C-A3CB-30D813607538}"
EndProject
Project("{9A19103F-16F7-4668-BE54-9A1E7A4F7556}") = "SharedKernel.Api", "..\..\GitHub\SharedKernel\src\Api\SharedKernel.Api.csproj", "{71C26750-9E9D-49FA-96C1-264797022474}"
EndProject
Project("{9A19103F-16F7-4668-BE54-9A1E7A4F7556}") = "SharedKernel.Api.Gateway", "..\..\GitHub\SharedKernel\src\Api.Gateway\SharedKernel.Api.Gateway.csproj", "{AC48BE38-7E55-406E-9CC9-339499F9EAB0}"
EndProject
Project("{9A19103F-16F7-4668-BE54-9A1E7A4F7556}") = "SharedKernel.Application", "..\..\GitHub\SharedKernel\src\Application\SharedKernel.Application.csproj", "{344F7C5A-5148-46DD-9928-B8D9373B9072}"
EndProject
Project("{9A19103F-16F7-4668-BE54-9A1E7A4F7556}") = "SharedKernel.Domain", "..\..\GitHub\SharedKernel\src\Domain\SharedKernel.Domain.csproj", "{54FD5A2F-BD05-4549-A74E-4F07D50EC18D}"
EndProject
Project("{9A19103F-16F7-4668-BE54-9A1E7A4F7556}") = "SharedKernel.Infrastructure", "..\..\GitHub\SharedKernel\src\Infrastructure\SharedKernel.Infrastructure.csproj", "{A9C0BA84-D2D6-45DA-84A8-B782B1C18B95}"
EndProject
Project("{2150E333-8FDC-42A3-9474-1A3956D46DE8}") = "05 - Blog", "05 - Blog", "{65D26FB1-0F0A-40A3-9753-3F469C18F043}"
EndProject
Project("{2150E333-8FDC-42A3-9474-1A3956D46DE8}") = "src", "src", "{ABA2AB56-4958-47C3-B91A-BB924C5F1CFF}"
EndProject
Project("{2150E333-8FDC-42A3-9474-1A3956D46DE8}") = "test", "test", "{060FD34B-36EE-4629-B3DD-35CD1C6F9DED}"
EndProject
Project("{9A19103F-16F7-4668-BE54-9A1E7A4F7556}") = "Blog.Application", "Blog\src\Blog.Application\Blog.Application.csproj", "{999B4545-AE26-43EA-8F98-F538EF11C3D5}"
EndProject
Project("{9A19103F-16F7-4668-BE54-9A1E7A4F7556}") = "Blog.Domain", "Blog\src\Blog.Domain\Blog.Domain.csproj", "{FCAE447D-365F-433B-9892-0E9DA86D46FC}"
EndProject
Project("{9A19103F-16F7-4668-BE54-9A1E7A4F7556}") = "Blog.Infraestructure", "Blog\src\Blog.Infraestructure\Blog.Infraestructure.csproj", "{48E3C376-9194-441E-89CC-ACA3993170FB}"
EndProject
Project("{9A19103F-16F7-4668-BE54-9A1E7A4F7556}") = "Authentication.Application", "Authentication\src\Authentication.Application\Authentication.Application.csproj", "{DD59B4BD-070B-46A8-8D60-10A0549522E3}"
EndProject
Project("{9A19103F-16F7-4668-BE54-9A1E7A4F7556}") = "Authentication.Domain", "Authentication\src\Authentication.Domain\Authentication.Domain.csproj", "{40A9D8DB-1A73-4AEE-BF10-32088E27648C}"
EndProject
Project("{9A19103F-16F7-4668-BE54-9A1E7A4F7556}") = "Authentication.Infrastructure", "Authentication\src\Authentication.Infraestructure\Authentication.Infrastructure.csproj", "{AC001612-97DE-466A-A06D-A0151D691E31}"
EndProject
Project("{E53339B2-1760-4266-BCC7-CA923CBCF16C}") = "docker-compose", "docker-compose.dcproj", "{11D52A1B-3873-4226-A762-79D12F1D6129}"
EndProject
Project("{FAE04EC0-301F-11D3-BF4B-00C04F79EFBC}") = "Stock.Api.Tests", "Apps\test\Stock.Api.Tests\Stock.Api.Tests.csproj", "{ECF9D891-99D7-412D-9A0E-73BF1E648966}"
EndProject
Global
	GlobalSection(SolutionConfigurationPlatforms) = preSolution
		Debug|Any CPU = Debug|Any CPU
		Release|Any CPU = Release|Any CPU
	EndGlobalSection
	GlobalSection(ProjectConfigurationPlatforms) = postSolution
		{AA01305D-27B9-477F-ADB8-16430E2F6CDE}.Debug|Any CPU.ActiveCfg = Debug|Any CPU
		{AA01305D-27B9-477F-ADB8-16430E2F6CDE}.Debug|Any CPU.Build.0 = Debug|Any CPU
		{AA01305D-27B9-477F-ADB8-16430E2F6CDE}.Release|Any CPU.ActiveCfg = Release|Any CPU
		{AA01305D-27B9-477F-ADB8-16430E2F6CDE}.Release|Any CPU.Build.0 = Release|Any CPU
		{849818E3-D119-4349-AB53-490B62A97F62}.Debug|Any CPU.ActiveCfg = Debug|Any CPU
		{849818E3-D119-4349-AB53-490B62A97F62}.Debug|Any CPU.Build.0 = Debug|Any CPU
		{849818E3-D119-4349-AB53-490B62A97F62}.Release|Any CPU.ActiveCfg = Release|Any CPU
		{849818E3-D119-4349-AB53-490B62A97F62}.Release|Any CPU.Build.0 = Release|Any CPU
		{208F5A68-5056-40D2-A7E3-3C66DE1BDFB1}.Debug|Any CPU.ActiveCfg = Debug|Any CPU
		{208F5A68-5056-40D2-A7E3-3C66DE1BDFB1}.Debug|Any CPU.Build.0 = Debug|Any CPU
		{208F5A68-5056-40D2-A7E3-3C66DE1BDFB1}.Release|Any CPU.ActiveCfg = Release|Any CPU
		{208F5A68-5056-40D2-A7E3-3C66DE1BDFB1}.Release|Any CPU.Build.0 = Release|Any CPU
		{2398BAB4-FD94-4B0D-B882-06C63C13E631}.Debug|Any CPU.ActiveCfg = Debug|Any CPU
		{2398BAB4-FD94-4B0D-B882-06C63C13E631}.Debug|Any CPU.Build.0 = Debug|Any CPU
		{2398BAB4-FD94-4B0D-B882-06C63C13E631}.Release|Any CPU.ActiveCfg = Release|Any CPU
		{2398BAB4-FD94-4B0D-B882-06C63C13E631}.Release|Any CPU.Build.0 = Release|Any CPU
		{71C26750-9E9D-49FA-96C1-264797022474}.Debug|Any CPU.ActiveCfg = Debug|Any CPU
		{71C26750-9E9D-49FA-96C1-264797022474}.Debug|Any CPU.Build.0 = Debug|Any CPU
		{71C26750-9E9D-49FA-96C1-264797022474}.Release|Any CPU.ActiveCfg = Release|Any CPU
		{71C26750-9E9D-49FA-96C1-264797022474}.Release|Any CPU.Build.0 = Release|Any CPU
		{AC48BE38-7E55-406E-9CC9-339499F9EAB0}.Debug|Any CPU.ActiveCfg = Debug|Any CPU
		{AC48BE38-7E55-406E-9CC9-339499F9EAB0}.Debug|Any CPU.Build.0 = Debug|Any CPU
		{AC48BE38-7E55-406E-9CC9-339499F9EAB0}.Release|Any CPU.ActiveCfg = Release|Any CPU
		{AC48BE38-7E55-406E-9CC9-339499F9EAB0}.Release|Any CPU.Build.0 = Release|Any CPU
		{344F7C5A-5148-46DD-9928-B8D9373B9072}.Debug|Any CPU.ActiveCfg = Debug|Any CPU
		{344F7C5A-5148-46DD-9928-B8D9373B9072}.Debug|Any CPU.Build.0 = Debug|Any CPU
		{344F7C5A-5148-46DD-9928-B8D9373B9072}.Release|Any CPU.ActiveCfg = Release|Any CPU
		{344F7C5A-5148-46DD-9928-B8D9373B9072}.Release|Any CPU.Build.0 = Release|Any CPU
		{54FD5A2F-BD05-4549-A74E-4F07D50EC18D}.Debug|Any CPU.ActiveCfg = Debug|Any CPU
		{54FD5A2F-BD05-4549-A74E-4F07D50EC18D}.Debug|Any CPU.Build.0 = Debug|Any CPU
		{54FD5A2F-BD05-4549-A74E-4F07D50EC18D}.Release|Any CPU.ActiveCfg = Release|Any CPU
		{54FD5A2F-BD05-4549-A74E-4F07D50EC18D}.Release|Any CPU.Build.0 = Release|Any CPU
		{A9C0BA84-D2D6-45DA-84A8-B782B1C18B95}.Debug|Any CPU.ActiveCfg = Debug|Any CPU
		{A9C0BA84-D2D6-45DA-84A8-B782B1C18B95}.Debug|Any CPU.Build.0 = Debug|Any CPU
		{A9C0BA84-D2D6-45DA-84A8-B782B1C18B95}.Release|Any CPU.ActiveCfg = Release|Any CPU
		{A9C0BA84-D2D6-45DA-84A8-B782B1C18B95}.Release|Any CPU.Build.0 = Release|Any CPU
		{999B4545-AE26-43EA-8F98-F538EF11C3D5}.Debug|Any CPU.ActiveCfg = Debug|Any CPU
		{999B4545-AE26-43EA-8F98-F538EF11C3D5}.Debug|Any CPU.Build.0 = Debug|Any CPU
		{999B4545-AE26-43EA-8F98-F538EF11C3D5}.Release|Any CPU.ActiveCfg = Release|Any CPU
		{999B4545-AE26-43EA-8F98-F538EF11C3D5}.Release|Any CPU.Build.0 = Release|Any CPU
		{FCAE447D-365F-433B-9892-0E9DA86D46FC}.Debug|Any CPU.ActiveCfg = Debug|Any CPU
		{FCAE447D-365F-433B-9892-0E9DA86D46FC}.Debug|Any CPU.Build.0 = Debug|Any CPU
		{FCAE447D-365F-433B-9892-0E9DA86D46FC}.Release|Any CPU.ActiveCfg = Release|Any CPU
		{FCAE447D-365F-433B-9892-0E9DA86D46FC}.Release|Any CPU.Build.0 = Release|Any CPU
		{48E3C376-9194-441E-89CC-ACA3993170FB}.Debug|Any CPU.ActiveCfg = Debug|Any CPU
		{48E3C376-9194-441E-89CC-ACA3993170FB}.Debug|Any CPU.Build.0 = Debug|Any CPU
		{48E3C376-9194-441E-89CC-ACA3993170FB}.Release|Any CPU.ActiveCfg = Release|Any CPU
		{48E3C376-9194-441E-89CC-ACA3993170FB}.Release|Any CPU.Build.0 = Release|Any CPU
		{DD59B4BD-070B-46A8-8D60-10A0549522E3}.Debug|Any CPU.ActiveCfg = Debug|Any CPU
		{DD59B4BD-070B-46A8-8D60-10A0549522E3}.Debug|Any CPU.Build.0 = Debug|Any CPU
		{DD59B4BD-070B-46A8-8D60-10A0549522E3}.Release|Any CPU.ActiveCfg = Release|Any CPU
		{DD59B4BD-070B-46A8-8D60-10A0549522E3}.Release|Any CPU.Build.0 = Release|Any CPU
		{40A9D8DB-1A73-4AEE-BF10-32088E27648C}.Debug|Any CPU.ActiveCfg = Debug|Any CPU
		{40A9D8DB-1A73-4AEE-BF10-32088E27648C}.Debug|Any CPU.Build.0 = Debug|Any CPU
		{40A9D8DB-1A73-4AEE-BF10-32088E27648C}.Release|Any CPU.ActiveCfg = Release|Any CPU
		{40A9D8DB-1A73-4AEE-BF10-32088E27648C}.Release|Any CPU.Build.0 = Release|Any CPU
		{AC001612-97DE-466A-A06D-A0151D691E31}.Debug|Any CPU.ActiveCfg = Debug|Any CPU
		{AC001612-97DE-466A-A06D-A0151D691E31}.Debug|Any CPU.Build.0 = Debug|Any CPU
		{AC001612-97DE-466A-A06D-A0151D691E31}.Release|Any CPU.ActiveCfg = Release|Any CPU
		{AC001612-97DE-466A-A06D-A0151D691E31}.Release|Any CPU.Build.0 = Release|Any CPU
		{11D52A1B-3873-4226-A762-79D12F1D6129}.Debug|Any CPU.ActiveCfg = Debug|Any CPU
		{11D52A1B-3873-4226-A762-79D12F1D6129}.Debug|Any CPU.Build.0 = Debug|Any CPU
		{11D52A1B-3873-4226-A762-79D12F1D6129}.Release|Any CPU.ActiveCfg = Release|Any CPU
		{11D52A1B-3873-4226-A762-79D12F1D6129}.Release|Any CPU.Build.0 = Release|Any CPU
		{ECF9D891-99D7-412D-9A0E-73BF1E648966}.Debug|Any CPU.ActiveCfg = Debug|Any CPU
		{ECF9D891-99D7-412D-9A0E-73BF1E648966}.Debug|Any CPU.Build.0 = Debug|Any CPU
		{ECF9D891-99D7-412D-9A0E-73BF1E648966}.Release|Any CPU.ActiveCfg = Release|Any CPU
		{ECF9D891-99D7-412D-9A0E-73BF1E648966}.Release|Any CPU.Build.0 = Release|Any CPU
	EndGlobalSection
	GlobalSection(SolutionProperties) = preSolution
		HideSolutionNode = FALSE
	EndGlobalSection
	GlobalSection(NestedProjects) = preSolution
		{6B94957C-F7E6-4A92-BDDC-3BA998964226} = {94F69D0B-6314-4790-A3D8-0B3C0FF0DE5A}
		{048363C2-9735-4D89-BA86-8D3955D3D4FA} = {94F69D0B-6314-4790-A3D8-0B3C0FF0DE5A}
		{E98151C0-606B-4FE5-BDF1-32373EC38995} = {4A5F7977-5F6C-4B5D-8EA8-BAEBF2EE40A3}
		{5B57163C-31B4-4774-83D8-5737B6783947} = {4A5F7977-5F6C-4B5D-8EA8-BAEBF2EE40A3}
		{B7F81964-8890-4A04-894A-A8A12BA0E3C3} = {4E56FEF5-6A9F-4745-99FD-5295AEAE86F8}
		{4D7F0AAC-4630-409C-B74A-258D1D793B9B} = {4E56FEF5-6A9F-4745-99FD-5295AEAE86F8}
		{AA01305D-27B9-477F-ADB8-16430E2F6CDE} = {6B94957C-F7E6-4A92-BDDC-3BA998964226}
		{849818E3-D119-4349-AB53-490B62A97F62} = {6B94957C-F7E6-4A92-BDDC-3BA998964226}
		{208F5A68-5056-40D2-A7E3-3C66DE1BDFB1} = {6B94957C-F7E6-4A92-BDDC-3BA998964226}
		{800027B4-AE11-400D-96E0-DAA0DED49479} = {BFD58BC8-6BCA-4151-9629-6B32F8CB92AF}
		{4F7562BF-BA5D-4763-86B5-DC18E1A32B20} = {BFD58BC8-6BCA-4151-9629-6B32F8CB92AF}
		{CFE09852-1FF8-449D-814C-8C0E13F43267} = {C12F76DB-E2FF-48B7-9E6B-3C84BEBC22D2}
		{CD8A8AEC-3946-48CD-B434-FB770A70EAD8} = {C12F76DB-E2FF-48B7-9E6B-3C84BEBC22D2}
		{2398BAB4-FD94-4B0D-B882-06C63C13E631} = {E98151C0-606B-4FE5-BDF1-32373EC38995}
		{3BCD4207-D0A5-4EEA-BD7A-B028E93EF599} = {663CACE0-9144-4996-8AC0-B5C6E438A17C}
		{82ECBF31-A356-465C-A3CB-30D813607538} = {663CACE0-9144-4996-8AC0-B5C6E438A17C}
		{71C26750-9E9D-49FA-96C1-264797022474} = {3BCD4207-D0A5-4EEA-BD7A-B028E93EF599}
		{AC48BE38-7E55-406E-9CC9-339499F9EAB0} = {3BCD4207-D0A5-4EEA-BD7A-B028E93EF599}
		{344F7C5A-5148-46DD-9928-B8D9373B9072} = {3BCD4207-D0A5-4EEA-BD7A-B028E93EF599}
		{54FD5A2F-BD05-4549-A74E-4F07D50EC18D} = {3BCD4207-D0A5-4EEA-BD7A-B028E93EF599}
		{A9C0BA84-D2D6-45DA-84A8-B782B1C18B95} = {3BCD4207-D0A5-4EEA-BD7A-B028E93EF599}
		{ABA2AB56-4958-47C3-B91A-BB924C5F1CFF} = {65D26FB1-0F0A-40A3-9753-3F469C18F043}
		{060FD34B-36EE-4629-B3DD-35CD1C6F9DED} = {65D26FB1-0F0A-40A3-9753-3F469C18F043}
		{999B4545-AE26-43EA-8F98-F538EF11C3D5} = {ABA2AB56-4958-47C3-B91A-BB924C5F1CFF}
		{FCAE447D-365F-433B-9892-0E9DA86D46FC} = {ABA2AB56-4958-47C3-B91A-BB924C5F1CFF}
		{48E3C376-9194-441E-89CC-ACA3993170FB} = {ABA2AB56-4958-47C3-B91A-BB924C5F1CFF}
		{DD59B4BD-070B-46A8-8D60-10A0549522E3} = {B7F81964-8890-4A04-894A-A8A12BA0E3C3}
		{40A9D8DB-1A73-4AEE-BF10-32088E27648C} = {B7F81964-8890-4A04-894A-A8A12BA0E3C3}
		{AC001612-97DE-466A-A06D-A0151D691E31} = {B7F81964-8890-4A04-894A-A8A12BA0E3C3}
		{ECF9D891-99D7-412D-9A0E-73BF1E648966} = {5B57163C-31B4-4774-83D8-5737B6783947}
	EndGlobalSection
	GlobalSection(ExtensibilityGlobals) = postSolution
		SolutionGuid = {21F1A567-1BF7-4FD6-B747-1A3D3D4201A0}
	EndGlobalSection
EndGlobal
